// !$*UTF8*$!
{
	archiveVersion = 1;
	classes = {
	};
	objectVersion = 46;
	objects = {

/* Begin PBXBuildFile section */
		A7160E101B270EEF00CE2FE6 /* main.m in Sources */ = {isa = PBXBuildFile; fileRef = A7160E0F1B270EEF00CE2FE6 /* main.m */; };
		A7160E131B270EEF00CE2FE6 /* AppDelegate.m in Sources */ = {isa = PBXBuildFile; fileRef = A7160E121B270EEF00CE2FE6 /* AppDelegate.m */; };
		A7160E161B270EEF00CE2FE6 /* Animal.xcdatamodeld in Sources */ = {isa = PBXBuildFile; fileRef = A7160E141B270EEF00CE2FE6 /* Animal.xcdatamodeld */; };
		A7160E191B270EEF00CE2FE6 /* ViewController.m in Sources */ = {isa = PBXBuildFile; fileRef = A7160E181B270EEF00CE2FE6 /* ViewController.m */; };
		A7160E1C1B270EEF00CE2FE6 /* Main.storyboard in Resources */ = {isa = PBXBuildFile; fileRef = A7160E1A1B270EEF00CE2FE6 /* Main.storyboard */; };
		A7160E1E1B270EEF00CE2FE6 /* Images.xcassets in Resources */ = {isa = PBXBuildFile; fileRef = A7160E1D1B270EEF00CE2FE6 /* Images.xcassets */; };
		A7160E2D1B270EEF00CE2FE6 /* AnimalTests.m in Sources */ = {isa = PBXBuildFile; fileRef = A7160E2C1B270EEF00CE2FE6 /* AnimalTests.m */; };
		A7160E371B270FBF00CE2FE6 /* AudioToolbox.framework in Frameworks */ = {isa = PBXBuildFile; fileRef = A7160E361B270FBF00CE2FE6 /* AudioToolbox.framework */; };
		A7160E391B270FCA00CE2FE6 /* CFNetwork.framework in Frameworks */ = {isa = PBXBuildFile; fileRef = A7160E381B270FCA00CE2FE6 /* CFNetwork.framework */; };
		A7160E3B1B270FD700CE2FE6 /* CoreGraphics.framework in Frameworks */ = {isa = PBXBuildFile; fileRef = A7160E3A1B270FD700CE2FE6 /* CoreGraphics.framework */; };
		A7160E3D1B270FE200CE2FE6 /* CoreLocation.framework in Frameworks */ = {isa = PBXBuildFile; fileRef = A7160E3C1B270FE200CE2FE6 /* CoreLocation.framework */; };
		A7160E3F1B270FEF00CE2FE6 /* MobileCoreServices.framework in Frameworks */ = {isa = PBXBuildFile; fileRef = A7160E3E1B270FEF00CE2FE6 /* MobileCoreServices.framework */; };
		A7160E411B270FFC00CE2FE6 /* QuartzCore.framework in Frameworks */ = {isa = PBXBuildFile; fileRef = A7160E401B270FFC00CE2FE6 /* QuartzCore.framework */; };
		A7160E431B27100800CE2FE6 /* Security.framework in Frameworks */ = {isa = PBXBuildFile; fileRef = A7160E421B27100800CE2FE6 /* Security.framework */; };
		A7160E451B27101400CE2FE6 /* StoreKit.framework in Frameworks */ = {isa = PBXBuildFile; fileRef = A7160E441B27101400CE2FE6 /* StoreKit.framework */; };
		A7160E471B27102100CE2FE6 /* SystemConfiguration.framework in Frameworks */ = {isa = PBXBuildFile; fileRef = A7160E461B27102100CE2FE6 /* SystemConfiguration.framework */; };
		A7160E491B27102D00CE2FE6 /* libz.dylib in Frameworks */ = {isa = PBXBuildFile; fileRef = A7160E481B27102D00CE2FE6 /* libz.dylib */; };
		A7160E4B1B27103C00CE2FE6 /* libsqlite3.dylib in Frameworks */ = {isa = PBXBuildFile; fileRef = A7160E4A1B27103C00CE2FE6 /* libsqlite3.dylib */; };
		A7160E4D1B27106100CE2FE6 /* Accounts.framework in Frameworks */ = {isa = PBXBuildFile; fileRef = A7160E4C1B27106100CE2FE6 /* Accounts.framework */; };
		A7160E4F1B27106B00CE2FE6 /* Social.framework in Frameworks */ = {isa = PBXBuildFile; fileRef = A7160E4E1B27106B00CE2FE6 /* Social.framework */; };
		A78908CC1B3B76A8008906F4 /* ParseFacebookUtilsV4.framework in Frameworks */ = {isa = PBXBuildFile; fileRef = A78908CB1B3B76A8008906F4 /* ParseFacebookUtilsV4.framework */; };
		A78B812B1B38CDCA00243C86 /* Color.m in Sources */ = {isa = PBXBuildFile; fileRef = A78B812A1B38CDCA00243C86 /* Color.m */; };
		CA2D21E91B3ADD06009BF07F /* DescricaoLeisViewController.m in Sources */ = {isa = PBXBuildFile; fileRef = CA2D21E81B3ADD06009BF07F /* DescricaoLeisViewController.m */; };
		CA2D21EB1B3C3E08009BF07F /* SofiaProLight.otf in Resources */ = {isa = PBXBuildFile; fileRef = CA2D21EA1B3C3E08009BF07F /* SofiaProLight.otf */; };
		CA3628941B3464D2009AF3D9 /* SettingsTableViewController.m in Sources */ = {isa = PBXBuildFile; fileRef = CA3628931B3464D2009AF3D9 /* SettingsTableViewController.m */; };
		CA611A861B29D0700047DA9B /* MapKit.framework in Frameworks */ = {isa = PBXBuildFile; fileRef = CA611A851B29D0700047DA9B /* MapKit.framework */; };
		CAB685431B287C1000F3914A /* Bolts.framework in Frameworks */ = {isa = PBXBuildFile; fileRef = CAB685411B287C1000F3914A /* Bolts.framework */; };
		CAB685441B287C1000F3914A /* Parse.framework in Frameworks */ = {isa = PBXBuildFile; fileRef = CAB685421B287C1000F3914A /* Parse.framework */; };
		CAB685471B28825400F3914A /* CadastroViewController.m in Sources */ = {isa = PBXBuildFile; fileRef = CAB685461B28825400F3914A /* CadastroViewController.m */; };
		CACA787C1B2F187E0028F90C /* Annotation.m in Sources */ = {isa = PBXBuildFile; fileRef = CACA787B1B2F187E0028F90C /* Annotation.m */; };
		CAD435F01B2B0C0000249D98 /* FBSDKCoreKit.framework in Frameworks */ = {isa = PBXBuildFile; fileRef = CAD435EF1B2B0C0000249D98 /* FBSDKCoreKit.framework */; };
		CAD435F21B2B0C1200249D98 /* FBSDKLoginKit.framework in Frameworks */ = {isa = PBXBuildFile; fileRef = CAD435F11B2B0C1200249D98 /* FBSDKLoginKit.framework */; };
		CAD435F41B2B0C2100249D98 /* FBSDKShareKit.framework in Frameworks */ = {isa = PBXBuildFile; fileRef = CAD435F31B2B0C2100249D98 /* FBSDKShareKit.framework */; };
		CAF134BD1B385C1C00071CA1 /* Main.strings in Resources */ = {isa = PBXBuildFile; fileRef = CAF134BF1B385C1C00071CA1 /* Main.strings */; };
		CD5E675A1B31C58F0018D99F /* DenunciaViewController.m in Sources */ = {isa = PBXBuildFile; fileRef = CD5E67591B31C58F0018D99F /* DenunciaViewController.m */; };
		CD5E675E1B32FE310018D99F /* SettingsViewController.m in Sources */ = {isa = PBXBuildFile; fileRef = CD5E675D1B32FE310018D99F /* SettingsViewController.m */; };
		CD5E67611B34D8430018D99F /* InfoViewController.m in Sources */ = {isa = PBXBuildFile; fileRef = CD5E67601B34D8430018D99F /* InfoViewController.m */; };
		CD5E67641B391B070018D99F /* ChangePasswordViewController.m in Sources */ = {isa = PBXBuildFile; fileRef = CD5E67631B391B070018D99F /* ChangePasswordViewController.m */; };
		CD5E67671B3923A40018D99F /* OngsViewController.m in Sources */ = {isa = PBXBuildFile; fileRef = CD5E67661B3923A40018D99F /* OngsViewController.m */; };
		CD5E676A1B3926F20018D99F /* SelectedOngViewController.m in Sources */ = {isa = PBXBuildFile; fileRef = CD5E67691B3926F20018D99F /* SelectedOngViewController.m */; };
		CD7273B51B29BD4200821E52 /* MapDenunciaViewController.m in Sources */ = {isa = PBXBuildFile; fileRef = CD7273B41B29BD4200821E52 /* MapDenunciaViewController.m */; };
		CD7273D71B2A2D2C00821E52 /* MapBarViewController.m in Sources */ = {isa = PBXBuildFile; fileRef = CD7273D61B2A2D2C00821E52 /* MapBarViewController.m */; };
		CDF448301B39FABE00D4ECCC /* LeisViewController.m in Sources */ = {isa = PBXBuildFile; fileRef = CDF4482F1B39FABE00D4ECCC /* LeisViewController.m */; };
/* End PBXBuildFile section */

/* Begin PBXContainerItemProxy section */
		A7160E271B270EEF00CE2FE6 /* PBXContainerItemProxy */ = {
			isa = PBXContainerItemProxy;
			containerPortal = A7160E021B270EEF00CE2FE6 /* Project object */;
			proxyType = 1;
			remoteGlobalIDString = A7160E091B270EEF00CE2FE6;
			remoteInfo = Animal;
		};
/* End PBXContainerItemProxy section */

/* Begin PBXFileReference section */
		A7160E0A1B270EEF00CE2FE6 /* Animal.app */ = {isa = PBXFileReference; explicitFileType = wrapper.application; includeInIndex = 0; path = Animal.app; sourceTree = BUILT_PRODUCTS_DIR; };
		A7160E0E1B270EEF00CE2FE6 /* Info.plist */ = {isa = PBXFileReference; lastKnownFileType = text.plist.xml; path = Info.plist; sourceTree = "<group>"; };
		A7160E0F1B270EEF00CE2FE6 /* main.m */ = {isa = PBXFileReference; lastKnownFileType = sourcecode.c.objc; path = main.m; sourceTree = "<group>"; };
		A7160E111B270EEF00CE2FE6 /* AppDelegate.h */ = {isa = PBXFileReference; lastKnownFileType = sourcecode.c.h; path = AppDelegate.h; sourceTree = "<group>"; };
		A7160E121B270EEF00CE2FE6 /* AppDelegate.m */ = {isa = PBXFileReference; lastKnownFileType = sourcecode.c.objc; path = AppDelegate.m; sourceTree = "<group>"; };
		A7160E151B270EEF00CE2FE6 /* Animal.xcdatamodel */ = {isa = PBXFileReference; lastKnownFileType = wrapper.xcdatamodel; path = Animal.xcdatamodel; sourceTree = "<group>"; };
		A7160E171B270EEF00CE2FE6 /* ViewController.h */ = {isa = PBXFileReference; lastKnownFileType = sourcecode.c.h; path = ViewController.h; sourceTree = "<group>"; };
		A7160E181B270EEF00CE2FE6 /* ViewController.m */ = {isa = PBXFileReference; lastKnownFileType = sourcecode.c.objc; path = ViewController.m; sourceTree = "<group>"; };
		A7160E1D1B270EEF00CE2FE6 /* Images.xcassets */ = {isa = PBXFileReference; lastKnownFileType = folder.assetcatalog; path = Images.xcassets; sourceTree = "<group>"; };
		A7160E261B270EEF00CE2FE6 /* AnimalTests.xctest */ = {isa = PBXFileReference; explicitFileType = wrapper.cfbundle; includeInIndex = 0; path = AnimalTests.xctest; sourceTree = BUILT_PRODUCTS_DIR; };
		A7160E2B1B270EEF00CE2FE6 /* Info.plist */ = {isa = PBXFileReference; lastKnownFileType = text.plist.xml; path = Info.plist; sourceTree = "<group>"; };
		A7160E2C1B270EEF00CE2FE6 /* AnimalTests.m */ = {isa = PBXFileReference; lastKnownFileType = sourcecode.c.objc; path = AnimalTests.m; sourceTree = "<group>"; };
		A7160E361B270FBF00CE2FE6 /* AudioToolbox.framework */ = {isa = PBXFileReference; lastKnownFileType = wrapper.framework; name = AudioToolbox.framework; path = System/Library/Frameworks/AudioToolbox.framework; sourceTree = SDKROOT; };
		A7160E381B270FCA00CE2FE6 /* CFNetwork.framework */ = {isa = PBXFileReference; lastKnownFileType = wrapper.framework; name = CFNetwork.framework; path = System/Library/Frameworks/CFNetwork.framework; sourceTree = SDKROOT; };
		A7160E3A1B270FD700CE2FE6 /* CoreGraphics.framework */ = {isa = PBXFileReference; lastKnownFileType = wrapper.framework; name = CoreGraphics.framework; path = System/Library/Frameworks/CoreGraphics.framework; sourceTree = SDKROOT; };
		A7160E3C1B270FE200CE2FE6 /* CoreLocation.framework */ = {isa = PBXFileReference; lastKnownFileType = wrapper.framework; name = CoreLocation.framework; path = System/Library/Frameworks/CoreLocation.framework; sourceTree = SDKROOT; };
		A7160E3E1B270FEF00CE2FE6 /* MobileCoreServices.framework */ = {isa = PBXFileReference; lastKnownFileType = wrapper.framework; name = MobileCoreServices.framework; path = System/Library/Frameworks/MobileCoreServices.framework; sourceTree = SDKROOT; };
		A7160E401B270FFC00CE2FE6 /* QuartzCore.framework */ = {isa = PBXFileReference; lastKnownFileType = wrapper.framework; name = QuartzCore.framework; path = System/Library/Frameworks/QuartzCore.framework; sourceTree = SDKROOT; };
		A7160E421B27100800CE2FE6 /* Security.framework */ = {isa = PBXFileReference; lastKnownFileType = wrapper.framework; name = Security.framework; path = System/Library/Frameworks/Security.framework; sourceTree = SDKROOT; };
		A7160E441B27101400CE2FE6 /* StoreKit.framework */ = {isa = PBXFileReference; lastKnownFileType = wrapper.framework; name = StoreKit.framework; path = System/Library/Frameworks/StoreKit.framework; sourceTree = SDKROOT; };
		A7160E461B27102100CE2FE6 /* SystemConfiguration.framework */ = {isa = PBXFileReference; lastKnownFileType = wrapper.framework; name = SystemConfiguration.framework; path = System/Library/Frameworks/SystemConfiguration.framework; sourceTree = SDKROOT; };
		A7160E481B27102D00CE2FE6 /* libz.dylib */ = {isa = PBXFileReference; lastKnownFileType = "compiled.mach-o.dylib"; name = libz.dylib; path = usr/lib/libz.dylib; sourceTree = SDKROOT; };
		A7160E4A1B27103C00CE2FE6 /* libsqlite3.dylib */ = {isa = PBXFileReference; lastKnownFileType = "compiled.mach-o.dylib"; name = libsqlite3.dylib; path = usr/lib/libsqlite3.dylib; sourceTree = SDKROOT; };
		A7160E4C1B27106100CE2FE6 /* Accounts.framework */ = {isa = PBXFileReference; lastKnownFileType = wrapper.framework; name = Accounts.framework; path = System/Library/Frameworks/Accounts.framework; sourceTree = SDKROOT; };
		A7160E4E1B27106B00CE2FE6 /* Social.framework */ = {isa = PBXFileReference; lastKnownFileType = wrapper.framework; name = Social.framework; path = System/Library/Frameworks/Social.framework; sourceTree = SDKROOT; };
		A7160E541B2710F600CE2FE6 /* PrefixHeader.pch */ = {isa = PBXFileReference; lastKnownFileType = sourcecode.c.h; path = PrefixHeader.pch; sourceTree = "<group>"; };
		A78908CB1B3B76A8008906F4 /* ParseFacebookUtilsV4.framework */ = {isa = PBXFileReference; lastKnownFileType = wrapper.framework; name = ParseFacebookUtilsV4.framework; path = "../../../Downloads/parse-library-1.7.4/ParseFacebookUtilsV4.framework"; sourceTree = "<group>"; };
		A78908CD1B3B8621008906F4 /* SofiaProLight.otf */ = {isa = PBXFileReference; lastKnownFileType = file; name = SofiaProLight.otf; path = "../../../SharePlan/Animais [mini-challenge]/Design/Sofia Pro Light-Desktop/SofiaProLight.otf"; sourceTree = "<group>"; };
		A78B81291B38CDCA00243C86 /* Color.h */ = {isa = PBXFileReference; fileEncoding = 4; lastKnownFileType = sourcecode.c.h; path = Color.h; sourceTree = "<group>"; };
		A78B812A1B38CDCA00243C86 /* Color.m */ = {isa = PBXFileReference; fileEncoding = 4; lastKnownFileType = sourcecode.c.objc; path = Color.m; sourceTree = "<group>"; };
		CA2D21E71B3ADD06009BF07F /* DescricaoLeisViewController.h */ = {isa = PBXFileReference; fileEncoding = 4; lastKnownFileType = sourcecode.c.h; path = DescricaoLeisViewController.h; sourceTree = "<group>"; };
		CA2D21E81B3ADD06009BF07F /* DescricaoLeisViewController.m */ = {isa = PBXFileReference; fileEncoding = 4; lastKnownFileType = sourcecode.c.objc; path = DescricaoLeisViewController.m; sourceTree = "<group>"; };
		CA2D21EA1B3C3E08009BF07F /* SofiaProLight.otf */ = {isa = PBXFileReference; lastKnownFileType = file; path = SofiaProLight.otf; sourceTree = "<group>"; };
		CA3628921B3464D2009AF3D9 /* SettingsTableViewController.h */ = {isa = PBXFileReference; fileEncoding = 4; lastKnownFileType = sourcecode.c.h; path = SettingsTableViewController.h; sourceTree = "<group>"; };
		CA3628931B3464D2009AF3D9 /* SettingsTableViewController.m */ = {isa = PBXFileReference; fileEncoding = 4; lastKnownFileType = sourcecode.c.objc; path = SettingsTableViewController.m; sourceTree = "<group>"; };
		CA611A851B29D0700047DA9B /* MapKit.framework */ = {isa = PBXFileReference; lastKnownFileType = wrapper.framework; name = MapKit.framework; path = System/Library/Frameworks/MapKit.framework; sourceTree = SDKROOT; };
		CAB685411B287C1000F3914A /* Bolts.framework */ = {isa = PBXFileReference; lastKnownFileType = wrapper.framework; name = Bolts.framework; path = "../../../Downloads/parse-library-1/Bolts.framework"; sourceTree = "<group>"; };
		CAB685421B287C1000F3914A /* Parse.framework */ = {isa = PBXFileReference; lastKnownFileType = wrapper.framework; name = Parse.framework; path = "../../../Downloads/parse-library-1/Parse.framework"; sourceTree = "<group>"; };
		CAB685451B28825400F3914A /* CadastroViewController.h */ = {isa = PBXFileReference; fileEncoding = 4; lastKnownFileType = sourcecode.c.h; path = CadastroViewController.h; sourceTree = "<group>"; };
		CAB685461B28825400F3914A /* CadastroViewController.m */ = {isa = PBXFileReference; fileEncoding = 4; lastKnownFileType = sourcecode.c.objc; path = CadastroViewController.m; sourceTree = "<group>"; };
		CACA787A1B2F187E0028F90C /* Annotation.h */ = {isa = PBXFileReference; fileEncoding = 4; lastKnownFileType = sourcecode.c.h; path = Annotation.h; sourceTree = "<group>"; };
		CACA787B1B2F187E0028F90C /* Annotation.m */ = {isa = PBXFileReference; fileEncoding = 4; lastKnownFileType = sourcecode.c.objc; path = Annotation.m; sourceTree = "<group>"; };
		CAD435EF1B2B0C0000249D98 /* FBSDKCoreKit.framework */ = {isa = PBXFileReference; lastKnownFileType = wrapper.framework; name = FBSDKCoreKit.framework; path = ../../../FacebookSDK/FBSDKCoreKit.framework; sourceTree = "<group>"; };
		CAD435F11B2B0C1200249D98 /* FBSDKLoginKit.framework */ = {isa = PBXFileReference; lastKnownFileType = wrapper.framework; name = FBSDKLoginKit.framework; path = ../../../FacebookSDK/FBSDKLoginKit.framework; sourceTree = "<group>"; };
		CAD435F31B2B0C2100249D98 /* FBSDKShareKit.framework */ = {isa = PBXFileReference; lastKnownFileType = wrapper.framework; name = FBSDKShareKit.framework; path = ../../../FacebookSDK/FBSDKShareKit.framework; sourceTree = "<group>"; };
		CAF134BA1B385BBD00071CA1 /* Base */ = {isa = PBXFileReference; lastKnownFileType = file.storyboard; name = Base; path = Base.lproj/Main.storyboard; sourceTree = "<group>"; };
		CAF134BE1B385C1C00071CA1 /* en */ = {isa = PBXFileReference; lastKnownFileType = text.plist.strings; name = en; path = en.lproj/Main.strings; sourceTree = "<group>"; };
		CD5E67581B31C58F0018D99F /* DenunciaViewController.h */ = {isa = PBXFileReference; fileEncoding = 4; lastKnownFileType = sourcecode.c.h; path = DenunciaViewController.h; sourceTree = "<group>"; };
		CD5E67591B31C58F0018D99F /* DenunciaViewController.m */ = {isa = PBXFileReference; fileEncoding = 4; lastKnownFileType = sourcecode.c.objc; path = DenunciaViewController.m; sourceTree = "<group>"; };
		CD5E675C1B32FE310018D99F /* SettingsViewController.h */ = {isa = PBXFileReference; fileEncoding = 4; lastKnownFileType = sourcecode.c.h; path = SettingsViewController.h; sourceTree = "<group>"; };
		CD5E675D1B32FE310018D99F /* SettingsViewController.m */ = {isa = PBXFileReference; fileEncoding = 4; lastKnownFileType = sourcecode.c.objc; path = SettingsViewController.m; sourceTree = "<group>"; };
		CD5E675F1B34D8430018D99F /* InfoViewController.h */ = {isa = PBXFileReference; fileEncoding = 4; lastKnownFileType = sourcecode.c.h; path = InfoViewController.h; sourceTree = "<group>"; };
		CD5E67601B34D8430018D99F /* InfoViewController.m */ = {isa = PBXFileReference; fileEncoding = 4; lastKnownFileType = sourcecode.c.objc; path = InfoViewController.m; sourceTree = "<group>"; };
		CD5E67621B391B070018D99F /* ChangePasswordViewController.h */ = {isa = PBXFileReference; fileEncoding = 4; lastKnownFileType = sourcecode.c.h; path = ChangePasswordViewController.h; sourceTree = "<group>"; };
		CD5E67631B391B070018D99F /* ChangePasswordViewController.m */ = {isa = PBXFileReference; fileEncoding = 4; lastKnownFileType = sourcecode.c.objc; path = ChangePasswordViewController.m; sourceTree = "<group>"; };
		CD5E67651B3923A40018D99F /* OngsViewController.h */ = {isa = PBXFileReference; fileEncoding = 4; lastKnownFileType = sourcecode.c.h; path = OngsViewController.h; sourceTree = "<group>"; };
		CD5E67661B3923A40018D99F /* OngsViewController.m */ = {isa = PBXFileReference; fileEncoding = 4; lastKnownFileType = sourcecode.c.objc; path = OngsViewController.m; sourceTree = "<group>"; };
		CD5E67681B3926F20018D99F /* SelectedOngViewController.h */ = {isa = PBXFileReference; fileEncoding = 4; lastKnownFileType = sourcecode.c.h; path = SelectedOngViewController.h; sourceTree = "<group>"; };
		CD5E67691B3926F20018D99F /* SelectedOngViewController.m */ = {isa = PBXFileReference; fileEncoding = 4; lastKnownFileType = sourcecode.c.objc; path = SelectedOngViewController.m; sourceTree = "<group>"; };
		CD7273421B286C1B00821E52 /* Bolts.framework */ = {isa = PBXFileReference; lastKnownFileType = wrapper.framework; name = Bolts.framework; path = "/Downloads/parse-library-1/Bolts.framework"; sourceTree = "<absolute>"; };
		CD7273431B286C1B00821E52 /* Parse.framework */ = {isa = PBXFileReference; lastKnownFileType = wrapper.framework; name = Parse.framework; path = "/Downloads/parse-library-1/Parse.framework"; sourceTree = "<absolute>"; };
		CD7273B31B29BD4200821E52 /* MapDenunciaViewController.h */ = {isa = PBXFileReference; fileEncoding = 4; lastKnownFileType = sourcecode.c.h; path = MapDenunciaViewController.h; sourceTree = "<group>"; };
		CD7273B41B29BD4200821E52 /* MapDenunciaViewController.m */ = {isa = PBXFileReference; fileEncoding = 4; lastKnownFileType = sourcecode.c.objc; path = MapDenunciaViewController.m; sourceTree = "<group>"; };
		CD7273D51B2A2D2C00821E52 /* MapBarViewController.h */ = {isa = PBXFileReference; fileEncoding = 4; lastKnownFileType = sourcecode.c.h; path = MapBarViewController.h; sourceTree = "<group>"; };
		CD7273D61B2A2D2C00821E52 /* MapBarViewController.m */ = {isa = PBXFileReference; fileEncoding = 4; lastKnownFileType = sourcecode.c.objc; path = MapBarViewController.m; sourceTree = "<group>"; };
		CDF4482E1B39FABE00D4ECCC /* LeisViewController.h */ = {isa = PBXFileReference; fileEncoding = 4; lastKnownFileType = sourcecode.c.h; path = LeisViewController.h; sourceTree = "<group>"; };
		CDF4482F1B39FABE00D4ECCC /* LeisViewController.m */ = {isa = PBXFileReference; fileEncoding = 4; lastKnownFileType = sourcecode.c.objc; path = LeisViewController.m; sourceTree = "<group>"; usesTabs = 0; };
/* End PBXFileReference section */

/* Begin PBXFrameworksBuildPhase section */
		A7160E071B270EEF00CE2FE6 /* Frameworks */ = {
			isa = PBXFrameworksBuildPhase;
			buildActionMask = 2147483647;
			files = (
				CAD435F41B2B0C2100249D98 /* FBSDKShareKit.framework in Frameworks */,
				CAD435F21B2B0C1200249D98 /* FBSDKLoginKit.framework in Frameworks */,
				CAD435F01B2B0C0000249D98 /* FBSDKCoreKit.framework in Frameworks */,
				CA611A861B29D0700047DA9B /* MapKit.framework in Frameworks */,
				CAB685431B287C1000F3914A /* Bolts.framework in Frameworks */,
				CAB685441B287C1000F3914A /* Parse.framework in Frameworks */,
				A7160E4F1B27106B00CE2FE6 /* Social.framework in Frameworks */,
				A7160E4D1B27106100CE2FE6 /* Accounts.framework in Frameworks */,
				A7160E4B1B27103C00CE2FE6 /* libsqlite3.dylib in Frameworks */,
				A7160E491B27102D00CE2FE6 /* libz.dylib in Frameworks */,
				A7160E471B27102100CE2FE6 /* SystemConfiguration.framework in Frameworks */,
				A7160E451B27101400CE2FE6 /* StoreKit.framework in Frameworks */,
				A7160E431B27100800CE2FE6 /* Security.framework in Frameworks */,
				A7160E411B270FFC00CE2FE6 /* QuartzCore.framework in Frameworks */,
				A78908CC1B3B76A8008906F4 /* ParseFacebookUtilsV4.framework in Frameworks */,
				A7160E3F1B270FEF00CE2FE6 /* MobileCoreServices.framework in Frameworks */,
				A7160E3D1B270FE200CE2FE6 /* CoreLocation.framework in Frameworks */,
				A7160E3B1B270FD700CE2FE6 /* CoreGraphics.framework in Frameworks */,
				A7160E391B270FCA00CE2FE6 /* CFNetwork.framework in Frameworks */,
				A7160E371B270FBF00CE2FE6 /* AudioToolbox.framework in Frameworks */,
			);
			runOnlyForDeploymentPostprocessing = 0;
		};
		A7160E231B270EEF00CE2FE6 /* Frameworks */ = {
			isa = PBXFrameworksBuildPhase;
			buildActionMask = 2147483647;
			files = (
			);
			runOnlyForDeploymentPostprocessing = 0;
		};
/* End PBXFrameworksBuildPhase section */

/* Begin PBXGroup section */
		A7160E011B270EEF00CE2FE6 = {
			isa = PBXGroup;
			children = (
				CDF448391B3B78AD00D4ECCC /* fonts */,
				A77D3F381B306A9900E8C37F /* FrameWorks */,
				A7160E0C1B270EEF00CE2FE6 /* Animal */,
				A7160E291B270EEF00CE2FE6 /* AnimalTests */,
				A7160E0B1B270EEF00CE2FE6 /* Products */,
			);
			sourceTree = "<group>";
		};
		A7160E0B1B270EEF00CE2FE6 /* Products */ = {
			isa = PBXGroup;
			children = (
				A7160E0A1B270EEF00CE2FE6 /* Animal.app */,
				A7160E261B270EEF00CE2FE6 /* AnimalTests.xctest */,
			);
			name = Products;
			sourceTree = "<group>";
		};
		A7160E0C1B270EEF00CE2FE6 /* Animal */ = {
			isa = PBXGroup;
			children = (
				A78908C81B3B3EC4008906F4 /* cadastro */,
				A78908C71B3B3EAD008906F4 /* login */,
				A78B81281B38CDA900243C86 /* color */,
				CD5E675B1B32FE060018D99F /* settings */,
				CD72734D1B28810100821E52 /* informacoes */,
				CD72734C1B2880E700821E52 /* denuncia */,
				CD72734B1B2880D400821E52 /* mapa */,
				A7160E111B270EEF00CE2FE6 /* AppDelegate.h */,
				A7160E121B270EEF00CE2FE6 /* AppDelegate.m */,
				A7160E1A1B270EEF00CE2FE6 /* Main.storyboard */,
				CAF134BF1B385C1C00071CA1 /* Main.strings */,
				A7160E1D1B270EEF00CE2FE6 /* Images.xcassets */,
				A7160E141B270EEF00CE2FE6 /* Animal.xcdatamodeld */,
				A7160E0D1B270EEF00CE2FE6 /* Supporting Files */,
				A7160E541B2710F600CE2FE6 /* PrefixHeader.pch */,
			);
			path = Animal;
			sourceTree = "<group>";
		};
		A7160E0D1B270EEF00CE2FE6 /* Supporting Files */ = {
			isa = PBXGroup;
			children = (
				A7160E0E1B270EEF00CE2FE6 /* Info.plist */,
				A7160E0F1B270EEF00CE2FE6 /* main.m */,
			);
			name = "Supporting Files";
			sourceTree = "<group>";
		};
		A7160E291B270EEF00CE2FE6 /* AnimalTests */ = {
			isa = PBXGroup;
			children = (
				A7160E2C1B270EEF00CE2FE6 /* AnimalTests.m */,
				A7160E2A1B270EEF00CE2FE6 /* Supporting Files */,
			);
			path = AnimalTests;
			sourceTree = "<group>";
		};
		A7160E2A1B270EEF00CE2FE6 /* Supporting Files */ = {
			isa = PBXGroup;
			children = (
				A7160E2B1B270EEF00CE2FE6 /* Info.plist */,
			);
			name = "Supporting Files";
			sourceTree = "<group>";
		};
		A77D3F381B306A9900E8C37F /* FrameWorks */ = {
			isa = PBXGroup;
			children = (
				A78908CB1B3B76A8008906F4 /* ParseFacebookUtilsV4.framework */,
				CAD435F31B2B0C2100249D98 /* FBSDKShareKit.framework */,
				CAD435F11B2B0C1200249D98 /* FBSDKLoginKit.framework */,
				CAD435EF1B2B0C0000249D98 /* FBSDKCoreKit.framework */,
				CA611A851B29D0700047DA9B /* MapKit.framework */,
				CAB685411B287C1000F3914A /* Bolts.framework */,
				CAB685421B287C1000F3914A /* Parse.framework */,
				CD7273421B286C1B00821E52 /* Bolts.framework */,
				CD7273431B286C1B00821E52 /* Parse.framework */,
				A7160E4E1B27106B00CE2FE6 /* Social.framework */,
				A7160E4C1B27106100CE2FE6 /* Accounts.framework */,
				A7160E4A1B27103C00CE2FE6 /* libsqlite3.dylib */,
				A7160E481B27102D00CE2FE6 /* libz.dylib */,
				A7160E461B27102100CE2FE6 /* SystemConfiguration.framework */,
				A7160E441B27101400CE2FE6 /* StoreKit.framework */,
				A7160E421B27100800CE2FE6 /* Security.framework */,
				A7160E401B270FFC00CE2FE6 /* QuartzCore.framework */,
				A7160E3E1B270FEF00CE2FE6 /* MobileCoreServices.framework */,
				A7160E3C1B270FE200CE2FE6 /* CoreLocation.framework */,
				A7160E3A1B270FD700CE2FE6 /* CoreGraphics.framework */,
				A7160E381B270FCA00CE2FE6 /* CFNetwork.framework */,
				A7160E361B270FBF00CE2FE6 /* AudioToolbox.framework */,
			);
			name = FrameWorks;
			sourceTree = "<group>";
		};
		A78908C71B3B3EAD008906F4 /* login */ = {
			isa = PBXGroup;
			children = (
				A7160E171B270EEF00CE2FE6 /* ViewController.h */,
				A7160E181B270EEF00CE2FE6 /* ViewController.m */,
			);
			name = login;
			sourceTree = "<group>";
		};
		A78908C81B3B3EC4008906F4 /* cadastro */ = {
			isa = PBXGroup;
			children = (
				CAB685451B28825400F3914A /* CadastroViewController.h */,
				CAB685461B28825400F3914A /* CadastroViewController.m */,
			);
			name = cadastro;
			sourceTree = "<group>";
		};
		A78B81281B38CDA900243C86 /* color */ = {
			isa = PBXGroup;
			children = (
				A78B81291B38CDCA00243C86 /* Color.h */,
				A78B812A1B38CDCA00243C86 /* Color.m */,
			);
			name = color;
			sourceTree = "<group>";
		};
		CD5E675B1B32FE060018D99F /* settings */ = {
			isa = PBXGroup;
			children = (
				CD5E675C1B32FE310018D99F /* SettingsViewController.h */,
				CD5E675D1B32FE310018D99F /* SettingsViewController.m */,
				CA3628921B3464D2009AF3D9 /* SettingsTableViewController.h */,
				CA3628931B3464D2009AF3D9 /* SettingsTableViewController.m */,
				CD5E67621B391B070018D99F /* ChangePasswordViewController.h */,
				CD5E67631B391B070018D99F /* ChangePasswordViewController.m */,
			);
			name = settings;
			sourceTree = "<group>";
		};
		CD72734B1B2880D400821E52 /* mapa */ = {
			isa = PBXGroup;
			children = (
				CD7273B31B29BD4200821E52 /* MapDenunciaViewController.h */,
				CD7273B41B29BD4200821E52 /* MapDenunciaViewController.m */,
				CD7273D51B2A2D2C00821E52 /* MapBarViewController.h */,
				CD7273D61B2A2D2C00821E52 /* MapBarViewController.m */,
				CACA787A1B2F187E0028F90C /* Annotation.h */,
				CACA787B1B2F187E0028F90C /* Annotation.m */,
			);
			name = mapa;
			sourceTree = "<group>";
		};
		CD72734C1B2880E700821E52 /* denuncia */ = {
			isa = PBXGroup;
			children = (
				CD5E67581B31C58F0018D99F /* DenunciaViewController.h */,
				CD5E67591B31C58F0018D99F /* DenunciaViewController.m */,
			);
			name = denuncia;
			sourceTree = "<group>";
		};
		CD72734D1B28810100821E52 /* informacoes */ = {
			isa = PBXGroup;
			children = (
				CDF4482D1B39FAB000D4ECCC /* Leis */,
				CD5E675F1B34D8430018D99F /* InfoViewController.h */,
				CD5E67601B34D8430018D99F /* InfoViewController.m */,
				CD5E67651B3923A40018D99F /* OngsViewController.h */,
				CD5E67661B3923A40018D99F /* OngsViewController.m */,
				CD5E67681B3926F20018D99F /* SelectedOngViewController.h */,
				CD5E67691B3926F20018D99F /* SelectedOngViewController.m */,
			);
			name = informacoes;
			sourceTree = "<group>";
		};
		CDF4482D1B39FAB000D4ECCC /* Leis */ = {
			isa = PBXGroup;
			children = (
				CDF4482E1B39FABE00D4ECCC /* LeisViewController.h */,
				CDF4482F1B39FABE00D4ECCC /* LeisViewController.m */,
				CA2D21E71B3ADD06009BF07F /* DescricaoLeisViewController.h */,
				CA2D21E81B3ADD06009BF07F /* DescricaoLeisViewController.m */,
			);
			name = Leis;
			sourceTree = "<group>";
		};
		CDF448391B3B78AD00D4ECCC /* fonts */ = {
			isa = PBXGroup;
			children = (
				A78908CD1B3B8621008906F4 /* SofiaProLight.otf */,
				CA2D21EA1B3C3E08009BF07F /* SofiaProLight.otf */,
			);
			name = fonts;
			sourceTree = "<group>";
		};
/* End PBXGroup section */

/* Begin PBXNativeTarget section */
		A7160E091B270EEF00CE2FE6 /* Animal */ = {
			isa = PBXNativeTarget;
			buildConfigurationList = A7160E301B270EEF00CE2FE6 /* Build configuration list for PBXNativeTarget "Animal" */;
			buildPhases = (
				A7160E061B270EEF00CE2FE6 /* Sources */,
				A7160E071B270EEF00CE2FE6 /* Frameworks */,
				A7160E081B270EEF00CE2FE6 /* Resources */,
			);
			buildRules = (
			);
			dependencies = (
			);
			name = Animal;
			productName = Animal;
			productReference = A7160E0A1B270EEF00CE2FE6 /* Animal.app */;
			productType = "com.apple.product-type.application";
		};
		A7160E251B270EEF00CE2FE6 /* AnimalTests */ = {
			isa = PBXNativeTarget;
			buildConfigurationList = A7160E331B270EEF00CE2FE6 /* Build configuration list for PBXNativeTarget "AnimalTests" */;
			buildPhases = (
				A7160E221B270EEF00CE2FE6 /* Sources */,
				A7160E231B270EEF00CE2FE6 /* Frameworks */,
				A7160E241B270EEF00CE2FE6 /* Resources */,
			);
			buildRules = (
			);
			dependencies = (
				A7160E281B270EEF00CE2FE6 /* PBXTargetDependency */,
			);
			name = AnimalTests;
			productName = AnimalTests;
			productReference = A7160E261B270EEF00CE2FE6 /* AnimalTests.xctest */;
			productType = "com.apple.product-type.bundle.unit-test";
		};
/* End PBXNativeTarget section */

/* Begin PBXProject section */
		A7160E021B270EEF00CE2FE6 /* Project object */ = {
			isa = PBXProject;
			attributes = {
				LastUpgradeCheck = 0630;
				ORGANIZATIONNAME = "leonardo fernandes farias";
				TargetAttributes = {
					A7160E091B270EEF00CE2FE6 = {
						CreatedOnToolsVersion = 6.3.1;
					};
					A7160E251B270EEF00CE2FE6 = {
						CreatedOnToolsVersion = 6.3.1;
						TestTargetID = A7160E091B270EEF00CE2FE6;
					};
				};
			};
			buildConfigurationList = A7160E051B270EEF00CE2FE6 /* Build configuration list for PBXProject "Animal" */;
			compatibilityVersion = "Xcode 3.2";
			developmentRegion = English;
			hasScannedForEncodings = 0;
			knownRegions = (
				en,
				Base,
			);
			mainGroup = A7160E011B270EEF00CE2FE6;
			productRefGroup = A7160E0B1B270EEF00CE2FE6 /* Products */;
			projectDirPath = "";
			projectRoot = "";
			targets = (
				A7160E091B270EEF00CE2FE6 /* Animal */,
				A7160E251B270EEF00CE2FE6 /* AnimalTests */,
			);
		};
/* End PBXProject section */

/* Begin PBXResourcesBuildPhase section */
		A7160E081B270EEF00CE2FE6 /* Resources */ = {
			isa = PBXResourcesBuildPhase;
			buildActionMask = 2147483647;
			files = (
				CAF134BD1B385C1C00071CA1 /* Main.strings in Resources */,
				A7160E1C1B270EEF00CE2FE6 /* Main.storyboard in Resources */,
				CA2D21EB1B3C3E08009BF07F /* SofiaProLight.otf in Resources */,
				A7160E1E1B270EEF00CE2FE6 /* Images.xcassets in Resources */,
			);
			runOnlyForDeploymentPostprocessing = 0;
		};
		A7160E241B270EEF00CE2FE6 /* Resources */ = {
			isa = PBXResourcesBuildPhase;
			buildActionMask = 2147483647;
			files = (
			);
			runOnlyForDeploymentPostprocessing = 0;
		};
/* End PBXResourcesBuildPhase section */

/* Begin PBXSourcesBuildPhase section */
		A7160E061B270EEF00CE2FE6 /* Sources */ = {
			isa = PBXSourcesBuildPhase;
			buildActionMask = 2147483647;
			files = (
				A7160E131B270EEF00CE2FE6 /* AppDelegate.m in Sources */,
				A7160E101B270EEF00CE2FE6 /* main.m in Sources */,
				CD5E676A1B3926F20018D99F /* SelectedOngViewController.m in Sources */,
				CDF448301B39FABE00D4ECCC /* LeisViewController.m in Sources */,
				CD5E67611B34D8430018D99F /* InfoViewController.m in Sources */,
				CACA787C1B2F187E0028F90C /* Annotation.m in Sources */,
				A7160E191B270EEF00CE2FE6 /* ViewController.m in Sources */,
				CD5E67671B3923A40018D99F /* OngsViewController.m in Sources */,
				CD5E67641B391B070018D99F /* ChangePasswordViewController.m in Sources */,
				A78B812B1B38CDCA00243C86 /* Color.m in Sources */,
				A7160E161B270EEF00CE2FE6 /* Animal.xcdatamodeld in Sources */,
				CD7273B51B29BD4200821E52 /* MapDenunciaViewController.m in Sources */,
				CD7273D71B2A2D2C00821E52 /* MapBarViewController.m in Sources */,
				CD5E675E1B32FE310018D99F /* SettingsViewController.m in Sources */,
				CD5E675A1B31C58F0018D99F /* DenunciaViewController.m in Sources */,
				CA2D21E91B3ADD06009BF07F /* DescricaoLeisViewController.m in Sources */,
				CA3628941B3464D2009AF3D9 /* SettingsTableViewController.m in Sources */,
				CAB685471B28825400F3914A /* CadastroViewController.m in Sources */,
			);
			runOnlyForDeploymentPostprocessing = 0;
		};
		A7160E221B270EEF00CE2FE6 /* Sources */ = {
			isa = PBXSourcesBuildPhase;
			buildActionMask = 2147483647;
			files = (
				A7160E2D1B270EEF00CE2FE6 /* AnimalTests.m in Sources */,
			);
			runOnlyForDeploymentPostprocessing = 0;
		};
/* End PBXSourcesBuildPhase section */

/* Begin PBXTargetDependency section */
		A7160E281B270EEF00CE2FE6 /* PBXTargetDependency */ = {
			isa = PBXTargetDependency;
			target = A7160E091B270EEF00CE2FE6 /* Animal */;
			targetProxy = A7160E271B270EEF00CE2FE6 /* PBXContainerItemProxy */;
		};
/* End PBXTargetDependency section */

/* Begin PBXVariantGroup section */
		A7160E1A1B270EEF00CE2FE6 /* Main.storyboard */ = {
			isa = PBXVariantGroup;
			children = (
				CAF134BA1B385BBD00071CA1 /* Base */,
			);
			name = Main.storyboard;
			sourceTree = "<group>";
		};
		CAF134BF1B385C1C00071CA1 /* Main.strings */ = {
			isa = PBXVariantGroup;
			children = (
				CAF134BE1B385C1C00071CA1 /* en */,
			);
			name = Main.strings;
			sourceTree = "<group>";
		};
/* End PBXVariantGroup section */

/* Begin XCBuildConfiguration section */
		A7160E2E1B270EEF00CE2FE6 /* Debug */ = {
			isa = XCBuildConfiguration;
			buildSettings = {
				ALWAYS_SEARCH_USER_PATHS = NO;
				CLANG_CXX_LANGUAGE_STANDARD = "gnu++0x";
				CLANG_CXX_LIBRARY = "libc++";
				CLANG_ENABLE_MODULES = YES;
				CLANG_ENABLE_OBJC_ARC = YES;
				CLANG_WARN_BOOL_CONVERSION = YES;
				CLANG_WARN_CONSTANT_CONVERSION = YES;
				CLANG_WARN_DIRECT_OBJC_ISA_USAGE = YES_ERROR;
				CLANG_WARN_EMPTY_BODY = YES;
				CLANG_WARN_ENUM_CONVERSION = YES;
				CLANG_WARN_INT_CONVERSION = YES;
				CLANG_WARN_OBJC_ROOT_CLASS = YES_ERROR;
				CLANG_WARN_UNREACHABLE_CODE = YES;
				CLANG_WARN__DUPLICATE_METHOD_MATCH = YES;
				"CODE_SIGN_IDENTITY[sdk=iphoneos*]" = "iPhone Developer";
				COPY_PHASE_STRIP = NO;
				DEBUG_INFORMATION_FORMAT = "dwarf-with-dsym";
				ENABLE_STRICT_OBJC_MSGSEND = YES;
				GCC_C_LANGUAGE_STANDARD = gnu99;
				GCC_DYNAMIC_NO_PIC = NO;
				GCC_NO_COMMON_BLOCKS = YES;
				GCC_OPTIMIZATION_LEVEL = 0;
				GCC_PREPROCESSOR_DEFINITIONS = (
					"DEBUG=1",
					"$(inherited)",
				);
				GCC_SYMBOLS_PRIVATE_EXTERN = NO;
				GCC_WARN_64_TO_32_BIT_CONVERSION = YES;
				GCC_WARN_ABOUT_RETURN_TYPE = YES_ERROR;
				GCC_WARN_UNDECLARED_SELECTOR = YES;
				GCC_WARN_UNINITIALIZED_AUTOS = YES_AGGRESSIVE;
				GCC_WARN_UNUSED_FUNCTION = YES;
				GCC_WARN_UNUSED_VARIABLE = YES;
				IPHONEOS_DEPLOYMENT_TARGET = 8.3;
				MTL_ENABLE_DEBUG_INFO = YES;
				ONLY_ACTIVE_ARCH = YES;
				SDKROOT = iphoneos;
			};
			name = Debug;
		};
		A7160E2F1B270EEF00CE2FE6 /* Release */ = {
			isa = XCBuildConfiguration;
			buildSettings = {
				ALWAYS_SEARCH_USER_PATHS = NO;
				CLANG_CXX_LANGUAGE_STANDARD = "gnu++0x";
				CLANG_CXX_LIBRARY = "libc++";
				CLANG_ENABLE_MODULES = YES;
				CLANG_ENABLE_OBJC_ARC = YES;
				CLANG_WARN_BOOL_CONVERSION = YES;
				CLANG_WARN_CONSTANT_CONVERSION = YES;
				CLANG_WARN_DIRECT_OBJC_ISA_USAGE = YES_ERROR;
				CLANG_WARN_EMPTY_BODY = YES;
				CLANG_WARN_ENUM_CONVERSION = YES;
				CLANG_WARN_INT_CONVERSION = YES;
				CLANG_WARN_OBJC_ROOT_CLASS = YES_ERROR;
				CLANG_WARN_UNREACHABLE_CODE = YES;
				CLANG_WARN__DUPLICATE_METHOD_MATCH = YES;
				"CODE_SIGN_IDENTITY[sdk=iphoneos*]" = "iPhone Developer";
				COPY_PHASE_STRIP = NO;
				DEBUG_INFORMATION_FORMAT = "dwarf-with-dsym";
				ENABLE_NS_ASSERTIONS = NO;
				ENABLE_STRICT_OBJC_MSGSEND = YES;
				GCC_C_LANGUAGE_STANDARD = gnu99;
				GCC_NO_COMMON_BLOCKS = YES;
				GCC_WARN_64_TO_32_BIT_CONVERSION = YES;
				GCC_WARN_ABOUT_RETURN_TYPE = YES_ERROR;
				GCC_WARN_UNDECLARED_SELECTOR = YES;
				GCC_WARN_UNINITIALIZED_AUTOS = YES_AGGRESSIVE;
				GCC_WARN_UNUSED_FUNCTION = YES;
				GCC_WARN_UNUSED_VARIABLE = YES;
				IPHONEOS_DEPLOYMENT_TARGET = 8.3;
				MTL_ENABLE_DEBUG_INFO = NO;
				SDKROOT = iphoneos;
				VALIDATE_PRODUCT = YES;
			};
			name = Release;
		};
		A7160E311B270EEF00CE2FE6 /* Debug */ = {
			isa = XCBuildConfiguration;
			buildSettings = {
				ASSETCATALOG_COMPILER_APPICON_NAME = AppIcon;
				FRAMEWORK_SEARCH_PATHS = (
					"$(inherited)",
					"/Users/leonardo/Downloads/parse-library-1.7.4",
					"/Users/pedroberbel/Downloads/parse-library-1",
					"/Users/tiago_cahu/Downloads/parse-library-1",
					/Users/leonardo/Documents/FacebookSDK,
					/Users/pedroberbel/Documents/FacebookSDK,
					/Users/tiago_cahu/Desktop/FacebookSDK,
				);
				GCC_PREFIX_HEADER = Animal/PrefixHeader.pch;
				INFOPLIST_FILE = Animal/Info.plist;
				IPHONEOS_DEPLOYMENT_TARGET = 8.3;
				LD_RUNPATH_SEARCH_PATHS = "$(inherited) @executable_path/Frameworks";
				PRODUCT_NAME = "$(TARGET_NAME)";
			};
			name = Debug;
		};
		A7160E321B270EEF00CE2FE6 /* Release */ = {
			isa = XCBuildConfiguration;
			buildSettings = {
				ASSETCATALOG_COMPILER_APPICON_NAME = AppIcon;
				FRAMEWORK_SEARCH_PATHS = (
					"$(inherited)",
					"/Users/leonardo/Downloads/parse-library-1.7.4",
					"/Users/pedroberbel/Downloads/parse-library-1",
					"/Users/tiago_cahu/Downloads/parse-library-1",
					/Users/leonardo/Documents/FacebookSDK,
					/Users/pedroberbel/Documents/FacebookSDK,
					/Users/tiago_cahu/Desktop/FacebookSDK,
				);
				GCC_PREFIX_HEADER = Animal/PrefixHeader.pch;
				INFOPLIST_FILE = Animal/Info.plist;
				IPHONEOS_DEPLOYMENT_TARGET = 8.3;
				LD_RUNPATH_SEARCH_PATHS = "$(inherited) @executable_path/Frameworks";
				PRODUCT_NAME = "$(TARGET_NAME)";
			};
			name = Release;
		};
		A7160E341B270EEF00CE2FE6 /* Debug */ = {
			isa = XCBuildConfiguration;
			buildSettings = {
				BUNDLE_LOADER = "$(TEST_HOST)";
				FRAMEWORK_SEARCH_PATHS = (
					"$(SDKROOT)/Developer/Library/Frameworks",
					"$(inherited)",
				);
				GCC_PREPROCESSOR_DEFINITIONS = (
					"DEBUG=1",
					"$(inherited)",
				);
				INFOPLIST_FILE = AnimalTests/Info.plist;
				LD_RUNPATH_SEARCH_PATHS = "$(inherited) @executable_path/Frameworks @loader_path/Frameworks";
				PRODUCT_NAME = "$(TARGET_NAME)";
				TEST_HOST = "$(BUILT_PRODUCTS_DIR)/Animal.app/Animal";
			};
			name = Debug;
		};
		A7160E351B270EEF00CE2FE6 /* Release */ = {
			isa = XCBuildConfiguration;
			buildSettings = {
				BUNDLE_LOADER = "$(TEST_HOST)";
				FRAMEWORK_SEARCH_PATHS = (
					"$(SDKROOT)/Developer/Library/Frameworks",
					"$(inherited)",
				);
				INFOPLIST_FILE = AnimalTests/Info.plist;
				LD_RUNPATH_SEARCH_PATHS = "$(inherited) @executable_path/Frameworks @loader_path/Frameworks";
				PRODUCT_NAME = "$(TARGET_NAME)";
				TEST_HOST = "$(BUILT_PRODUCTS_DIR)/Animal.app/Animal";
			};
			name = Release;
		};
/* End XCBuildConfiguration section */

/* Begin XCConfigurationList section */
		A7160E051B270EEF00CE2FE6 /* Build configuration list for PBXProject "Animal" */ = {
			isa = XCConfigurationList;
			buildConfigurations = (
				A7160E2E1B270EEF00CE2FE6 /* Debug */,
				A7160E2F1B270EEF00CE2FE6 /* Release */,
			);
			defaultConfigurationIsVisible = 0;
			defaultConfigurationName = Release;
		};
		A7160E301B270EEF00CE2FE6 /* Build configuration list for PBXNativeTarget "Animal" */ = {
			isa = XCConfigurationList;
			buildConfigurations = (
				A7160E311B270EEF00CE2FE6 /* Debug */,
				A7160E321B270EEF00CE2FE6 /* Release */,
			);
			defaultConfigurationIsVisible = 0;
			defaultConfigurationName = Release;
		};
		A7160E331B270EEF00CE2FE6 /* Build configuration list for PBXNativeTarget "AnimalTests" */ = {
			isa = XCConfigurationList;
			buildConfigurations = (
				A7160E341B270EEF00CE2FE6 /* Debug */,
				A7160E351B270EEF00CE2FE6 /* Release */,
			);
			defaultConfigurationIsVisible = 0;
			defaultConfigurationName = Release;
		};
/* End XCConfigurationList section */

/* Begin XCVersionGroup section */
		A7160E141B270EEF00CE2FE6 /* Animal.xcdatamodeld */ = {
			isa = XCVersionGroup;
			children = (
				A7160E151B270EEF00CE2FE6 /* Animal.xcdatamodel */,
			);
			currentVersion = A7160E151B270EEF00CE2FE6 /* Animal.xcdatamodel */;
			path = Animal.xcdatamodeld;
			sourceTree = "<group>";
			versionGroupType = wrapper.xcdatamodel;
		};
/* End XCVersionGroup section */
	};
	rootObject = A7160E021B270EEF00CE2FE6 /* Project object */;
}
